DEPENDENCIES
  build-essential (< 4.0.0)
  mopidy-jukebox
    path: cookbooks/mopidy-jukebox

GRAPH
  build-essential (3.2.0)
    seven_zip (>= 0.0.0)
  chef_handler (1.4.0)
  mopidy-jukebox (0.1.0)
    build-essential (>= 0.0.0)
    python (>= 0.0.0)
  python (1.4.6)
    build-essential (>= 0.0.0)
    yum-epel (>= 0.0.0)
  seven_zip (2.0.1)
    windows (>= 1.2.2)
  windows (1.44.1)
    chef_handler (>= 0.0.0)
  yum (3.11.0)
  yum-epel (0.7.0)
    yum (>= 3.6.3)
